PODS:
  - file_selector_macos (0.0.1):
    - FlutterMacOS
  - flutter_image_compress_macos (1.0.0):
    - FlutterMacOS
  - FlutterMacOS (1.0.0)
  - geolocator_apple (1.2.0):
    - Flutter
    - FlutterMacOS
  - path_provider_foundation (0.0.1):
    - Flutter
    - FlutterMacOS
  - printing (1.0.0):
    - FlutterMacOS
  - sqlite3 (3.52.0):
    - sqlite3/common (= 3.52.0)
  - sqlite3/common (3.52.0)
  - sqlite3/dbstatvtab (3.52.0):
    - sqlite3/common
  - sqlite3/fts5 (3.52.0):
    - sqlite3/common
  - sqlite3/math (3.52.0):
    - sqlite3/common
  - sqlite3/perf-threadsafe (3.52.0):
    - sqlite3/common
  - sqlite3/rtree (3.52.0):
    - sqlite3/common
  - sqlite3/session (3.52.0):
    - sqlite3/common
  - sqlite3_flutter_libs (0.0.1):
    - Flutter
    - FlutterMacOS
    - sqlite3 (~> 3.52.0)
    - sqlite3/dbstatvtab
    - sqlite3/fts5
    - sqlite3/math
    - sqlite3/perf-threadsafe
    - sqlite3/rtree
    - sqlite3/session

DEPENDENCIES:
  - file_selector_macos (from `Flutter/ephemeral/.symlinks/plugins/file_selector_macos/macos`)
  - flutter_image_compress_macos (from `Flutter/ephemeral/.symlinks/plugins/flutter_image_compress_macos/macos`)
  - FlutterMacOS (from `Flutter/ephemeral`)
  - geolocator_apple (from `Flutter/ephemeral/.symlinks/plugins/geolocator_apple/darwin`)
  - path_provider_foundation (from `Flutter/ephemeral/.symlinks/plugins/path_provider_foundation/darwin`)
  - printing (from `Flutter/ephemeral/.symlinks/plugins/printing/macos`)
  - sqlite3_flutter_libs (from `Flutter/ephemeral/.symlinks/plugins/sqlite3_flutter_libs/darwin`)

SPEC REPOS:
  trunk:
    - sqlite3

EXTERNAL SOURCES:
  file_selector_macos:
    :path: Flutter/ephemeral/.symlinks/plugins/file_selector_macos/macos
  flutter_image_compress_macos:
    :path: Flutter/ephemeral/.symlinks/plugins/flutter_image_compress_macos/macos
  FlutterMacOS:
    :path: Flutter/ephemeral
  geolocator_apple:
    :path: Flutter/ephemeral/.symlinks/plugins/geolocator_apple/darwin
  path_provider_foundation:
    :path: Flutter/ephemeral/.symlinks/plugins/path_provider_foundation/darwin
  printing:
    :path: Flutter/ephemeral/.symlinks/plugins/printing/macos
  sqlite3_flutter_libs:
    :path: Flutter/ephemeral/.symlinks/plugins/sqlite3_flutter_libs/darwin

SPEC CHECKSUMS:
  file_selector_macos: 6280b52b459ae6c590af5d78fc35c7267a3c4b31
  flutter_image_compress_macos: e68daf54bb4bf2144c580fd4d151c949cbf492f0
  FlutterMacOS: d0db08ddef1a9af05a5ec4b724367152bb0500b1
  geolocator_apple: ab36aa0e8b7d7a2d7639b3b4e48308394e8cef5e
  path_provider_foundation: 080d55be775b7414fd5a5ef3ac137b97b097e564
  printing: c4cf83c78fd684f9bc318e6aadc18972aa48f617
  sqlite3: a51c07cf16e023d6c48abd5e5791a61a47354921
  sqlite3_flutter_libs: b3e120efe9a82017e5552a620f696589ed4f62ab

PODFILE CHECKSUM: 9ebaf0ce3d369aaa26a9ea0e159195ed94724cf3

COCOAPODS: 1.16.2
